
Microsoft Visual Studio Solution File, Format Version 12.00
# Visual Studio Version 16
VisualStudioVersion = 16.0.31424.327
MinimumVisualStudioVersion = 10.0.40219.1
Project("{FAE04EC0-301F-11D3-BF4B-00C04F79EFBC}") = "IP3", "IP3\IP3.csproj", "{58B23D8A-1A1C-40C8-8A4D-F84F94853203}"
EndProject
Global
	GlobalSection(SolutionConfigurationPlatforms) = preSolution
		Debug|Any CPU = Debug|Any CPU
		Release|Any CPU = Release|Any CPU
	EndGlobalSection
	GlobalSection(ProjectConfigurationPlatforms) = postSolution
		{58B23D8A-1A1C-40C8-8A4D-F84F94853203}.Debug|Any CPU.ActiveCfg = Debug|Any CPU
		{58B23D8A-1A1C-40C8-8A4D-F84F94853203}.Debug|Any CPU.Build.0 = Debug|Any CPU
		{58B23D8A-1A1C-40C8-8A4D-F84F94853203}.Release|Any CPU.ActiveCfg = Release|Any CPU
		{58B23D8A-1A1C-40C8-8A4D-F84F94853203}.Release|Any CPU.Build.0 = Release|Any CPU
	EndGlobalSection
	GlobalSection(SolutionProperties) = preSolution
		HideSolutionNode = FALSE
	EndGlobalSection
	GlobalSection(ExtensibilityGlobals) = postSolution
		SolutionGuid = {B8A3414C-D978-42A8-B7ED-031F0839FE56}
	EndGlobalSection
EndGlobal
